
Microsoft Visual Studio Solution File, Format Version 12.00
# Visual Studio Version 16
VisualStudioVersion = 16.0.30523.141
MinimumVisualStudioVersion = 10.0.40219.1
Project("{FAE04EC0-301F-11D3-BF4B-00C04F79EFBC}") = "SeleniumTests", "SeleniumTests\SeleniumTests.csproj", "{50643DC6-D3FD-45F7-933E-CD45AC4BFE50}"
EndProject
Global
	GlobalSection(SolutionConfigurationPlatforms) = preSolution
		Debug|Any CPU = Debug|Any CPU
		Release|Any CPU = Release|Any CPU
	EndGlobalSection
	GlobalSection(ProjectConfigurationPlatforms) = postSolution
		{50643DC6-D3FD-45F7-933E-CD45AC4BFE50}.Debug|Any CPU.ActiveCfg = Debug|Any CPU
		{50643DC6-D3FD-45F7-933E-CD45AC4BFE50}.Debug|Any CPU.Build.0 = Debug|Any CPU
		{50643DC6-D3FD-45F7-933E-CD45AC4BFE50}.Release|Any CPU.ActiveCfg = Release|Any CPU
		{50643DC6-D3FD-45F7-933E-CD45AC4BFE50}.Release|Any CPU.Build.0 = Release|Any CPU
	EndGlobalSection
	GlobalSection(SolutionProperties) = preSolution
		HideSolutionNode = FALSE
	EndGlobalSection
	GlobalSection(ExtensibilityGlobals) = postSolution
		SolutionGuid = {A68AEBFA-A7D5-45C8-9E33-C408B4E5877A}
	EndGlobalSection
EndGlobal
